
Microsoft Visual Studio Solution File, Format Version 12.00
# Visual Studio Version 16
VisualStudioVersion = 16.0.31424.327
MinimumVisualStudioVersion = 10.0.40219.1
Project("{FAE04EC0-301F-11D3-BF4B-00C04F79EFBC}") = "MailApp", "MailApp\MailApp.csproj", "{9069AF77-7714-4906-9E8D-808CB0FAE6BC}"
EndProject
Global
	GlobalSection(SolutionConfigurationPlatforms) = preSolution
		Debug|Any CPU = Debug|Any CPU
		Release|Any CPU = Release|Any CPU
	EndGlobalSection
	GlobalSection(ProjectConfigurationPlatforms) = postSolution
		{9069AF77-7714-4906-9E8D-808CB0FAE6BC}.Debug|Any CPU.ActiveCfg = Debug|Any CPU
		{9069AF77-7714-4906-9E8D-808CB0FAE6BC}.Debug|Any CPU.Build.0 = Debug|Any CPU
		{9069AF77-7714-4906-9E8D-808CB0FAE6BC}.Release|Any CPU.ActiveCfg = Release|Any CPU
		{9069AF77-7714-4906-9E8D-808CB0FAE6BC}.Release|Any CPU.Build.0 = Release|Any CPU
	EndGlobalSection
	GlobalSection(SolutionProperties) = preSolution
		HideSolutionNode = FALSE
	EndGlobalSection
	GlobalSection(ExtensibilityGlobals) = postSolution
		SolutionGuid = {3421E506-C186-49A4-A2B9-30621F296848}
	EndGlobalSection
EndGlobal
